// !$*UTF8*$!
{
	archiveVersion = 1;
	classes = {
	};
	objectVersion = 55;
	objects = {

/* Begin PBXBuildFile section */
		02A0CC4527855FE0008BFBE2 /* CoreDataWithSwiftUIApp.swift in Sources */ = {isa = PBXBuildFile; fileRef = 02A0CC4427855FE0008BFBE2 /* CoreDataWithSwiftUIApp.swift */; };
		02A0CC4727855FE0008BFBE2 /* ContentView.swift in Sources */ = {isa = PBXBuildFile; fileRef = 02A0CC4627855FE0008BFBE2 /* ContentView.swift */; };
		02A0CC4927855FE3008BFBE2 /* Assets.xcassets in Resources */ = {isa = PBXBuildFile; fileRef = 02A0CC4827855FE3008BFBE2 /* Assets.xcassets */; };
		02A0CC4C27855FE3008BFBE2 /* Preview Assets.xcassets in Resources */ = {isa = PBXBuildFile; fileRef = 02A0CC4B27855FE3008BFBE2 /* Preview Assets.xcassets */; };
		02A0CC4E27855FE3008BFBE2 /* Persistence.swift in Sources */ = {isa = PBXBuildFile; fileRef = 02A0CC4D27855FE3008BFBE2 /* Persistence.swift */; };
		02A0CC5127855FE3008BFBE2 /* CoreDataWithSwiftUI.xcdatamodeld in Sources */ = {isa = PBXBuildFile; fileRef = 02A0CC4F27855FE3008BFBE2 /* CoreDataWithSwiftUI.xcdatamodeld */; };
		02A0CC5B27855FE3008BFBE2 /* CoreDataWithSwiftUITests.swift in Sources */ = {isa = PBXBuildFile; fileRef = 02A0CC5A27855FE3008BFBE2 /* CoreDataWithSwiftUITests.swift */; };
		02A0CC6527855FE3008BFBE2 /* CoreDataWithSwiftUIUITests.swift in Sources */ = {isa = PBXBuildFile; fileRef = 02A0CC6427855FE3008BFBE2 /* CoreDataWithSwiftUIUITests.swift */; };
		02A0CC6727855FE3008BFBE2 /* CoreDataWithSwiftUIUITestsLaunchTests.swift in Sources */ = {isa = PBXBuildFile; fileRef = 02A0CC6627855FE3008BFBE2 /* CoreDataWithSwiftUIUITestsLaunchTests.swift */; };
/* End PBXBuildFile section */

/* Begin PBXContainerItemProxy section */
		02A0CC5727855FE3008BFBE2 /* PBXContainerItemProxy */ = {
			isa = PBXContainerItemProxy;
			containerPortal = 02A0CC3927855FE0008BFBE2 /* Project object */;
			proxyType = 1;
			remoteGlobalIDString = 02A0CC4027855FE0008BFBE2;
			remoteInfo = CoreDataWithSwiftUI;
		};
		02A0CC6127855FE3008BFBE2 /* PBXContainerItemProxy */ = {
			isa = PBXContainerItemProxy;
			containerPortal = 02A0CC3927855FE0008BFBE2 /* Project object */;
			proxyType = 1;
			remoteGlobalIDString = 02A0CC4027855FE0008BFBE2;
			remoteInfo = CoreDataWithSwiftUI;
		};
/* End PBXContainerItemProxy section */

/* Begin PBXFileReference section */
		02A0CC4127855FE0008BFBE2 /* CoreDataWithSwiftUI.app */ = {isa = PBXFileReference; explicitFileType = wrapper.application; includeInIndex = 0; path = CoreDataWithSwiftUI.app; sourceTree = BUILT_PRODUCTS_DIR; };
		02A0CC4427855FE0008BFBE2 /* CoreDataWithSwiftUIApp.swift */ = {isa = PBXFileReference; lastKnownFileType = sourcecode.swift; path = CoreDataWithSwiftUIApp.swift; sourceTree = "<group>"; };
		02A0CC4627855FE0008BFBE2 /* ContentView.swift */ = {isa = PBXFileReference; lastKnownFileType = sourcecode.swift; path = ContentView.swift; sourceTree = "<group>"; };
		02A0CC4827855FE3008BFBE2 /* Assets.xcassets */ = {isa = PBXFileReference; lastKnownFileType = folder.assetcatalog; path = Assets.xcassets; sourceTree = "<group>"; };
		02A0CC4B27855FE3008BFBE2 /* Preview Assets.xcassets */ = {isa = PBXFileReference; lastKnownFileType = folder.assetcatalog; path = "Preview Assets.xcassets"; sourceTree = "<group>"; };
		02A0CC4D27855FE3008BFBE2 /* Persistence.swift */ = {isa = PBXFileReference; lastKnownFileType = sourcecode.swift; path = Persistence.swift; sourceTree = "<group>"; };
		02A0CC5027855FE3008BFBE2 /* CoreDataWithSwiftUI.xcdatamodel */ = {isa = PBXFileReference; lastKnownFileType = wrapper.xcdatamodel; path = CoreDataWithSwiftUI.xcdatamodel; sourceTree = "<group>"; };
		02A0CC5627855FE3008BFBE2 /* CoreDataWithSwiftUITests.xctest */ = {isa = PBXFileReference; explicitFileType = wrapper.cfbundle; includeInIndex = 0; path = CoreDataWithSwiftUITests.xctest; sourceTree = BUILT_PRODUCTS_DIR; };
		02A0CC5A27855FE3008BFBE2 /* CoreDataWithSwiftUITests.swift */ = {isa = PBXFileReference; lastKnownFileType = sourcecode.swift; path = CoreDataWithSwiftUITests.swift; sourceTree = "<group>"; };
		02A0CC6027855FE3008BFBE2 /* CoreDataWithSwiftUIUITests.xctest */ = {isa = PBXFileReference; explicitFileType = wrapper.cfbundle; includeInIndex = 0; path = CoreDataWithSwiftUIUITests.xctest; sourceTree = BUILT_PRODUCTS_DIR; };
		02A0CC6427855FE3008BFBE2 /* CoreDataWithSwiftUIUITests.swift */ = {isa = PBXFileReference; lastKnownFileType = sourcecode.swift; path = CoreDataWithSwiftUIUITests.swift; sourceTree = "<group>"; };
		02A0CC6627855FE3008BFBE2 /* CoreDataWithSwiftUIUITestsLaunchTests.swift */ = {isa = PBXFileReference; lastKnownFileType = sourcecode.swift; path = CoreDataWithSwiftUIUITestsLaunchTests.swift; sourceTree = "<group>"; };
/* End PBXFileReference section */

/* Begin PBXFrameworksBuildPhase section */
		02A0CC3E27855FE0008BFBE2 /* Frameworks */ = {
			isa = PBXFrameworksBuildPhase;
			buildActionMask = 2147483647;
			files = (
			);
			runOnlyForDeploymentPostprocessing = 0;
		};
		02A0CC5327855FE3008BFBE2 /* Frameworks */ = {
			isa = PBXFrameworksBuildPhase;
			buildActionMask = 2147483647;
			files = (
			);
			runOnlyForDeploymentPostprocessing = 0;
		};
		02A0CC5D27855FE3008BFBE2 /* Frameworks */ = {
			isa = PBXFrameworksBuildPhase;
			buildActionMask = 2147483647;
			files = (
			);
			runOnlyForDeploymentPostprocessing = 0;
		};
/* End PBXFrameworksBuildPhase section */

/* Begin PBXGroup section */
		02A0CC3827855FE0008BFBE2 = {
			isa = PBXGroup;
			children = (
				02A0CC4327855FE0008BFBE2 /* CoreDataWithSwiftUI */,
				02A0CC5927855FE3008BFBE2 /* CoreDataWithSwiftUITests */,
				02A0CC6327855FE3008BFBE2 /* CoreDataWithSwiftUIUITests */,
				02A0CC4227855FE0008BFBE2 /* Products */,
			);
			sourceTree = "<group>";
		};
		02A0CC4227855FE0008BFBE2 /* Products */ = {
			isa = PBXGroup;
			children = (
				02A0CC4127855FE0008BFBE2 /* CoreDataWithSwiftUI.app */,
				02A0CC5627855FE3008BFBE2 /* CoreDataWithSwiftUITests.xctest */,
				02A0CC6027855FE3008BFBE2 /* CoreDataWithSwiftUIUITests.xctest */,
			);
			name = Products;
			sourceTree = "<group>";
		};
		02A0CC4327855FE0008BFBE2 /* CoreDataWithSwiftUI */ = {
			isa = PBXGroup;
			children = (
				02A0CC4427855FE0008BFBE2 /* CoreDataWithSwiftUIApp.swift */,
				02A0CC4627855FE0008BFBE2 /* ContentView.swift */,
				02A0CC4827855FE3008BFBE2 /* Assets.xcassets */,
				02A0CC4D27855FE3008BFBE2 /* Persistence.swift */,
				02A0CC4F27855FE3008BFBE2 /* CoreDataWithSwiftUI.xcdatamodeld */,
				02A0CC4A27855FE3008BFBE2 /* Preview Content */,
			);
			path = CoreDataWithSwiftUI;
			sourceTree = "<group>";
		};
		02A0CC4A27855FE3008BFBE2 /* Preview Content */ = {
			isa = PBXGroup;
			children = (
				02A0CC4B27855FE3008BFBE2 /* Preview Assets.xcassets */,
			);
			path = "Preview Content";
			sourceTree = "<group>";
		};
		02A0CC5927855FE3008BFBE2 /* CoreDataWithSwiftUITests */ = {
			isa = PBXGroup;
			children = (
				02A0CC5A27855FE3008BFBE2 /* CoreDataWithSwiftUITests.swift */,
			);
			path = CoreDataWithSwiftUITests;
			sourceTree = "<group>";
		};
		02A0CC6327855FE3008BFBE2 /* CoreDataWithSwiftUIUITests */ = {
			isa = PBXGroup;
			children = (
				02A0CC6427855FE3008BFBE2 /* CoreDataWithSwiftUIUITests.swift */,
				02A0CC6627855FE3008BFBE2 /* CoreDataWithSwiftUIUITestsLaunchTests.swift */,
			);
			path = CoreDataWithSwiftUIUITests;
			sourceTree = "<group>";
		};
/* End PBXGroup section */

/* Begin PBXNativeTarget section */
		02A0CC4027855FE0008BFBE2 /* CoreDataWithSwiftUI */ = {
			isa = PBXNativeTarget;
			buildConfigurationList = 02A0CC6A27855FE3008BFBE2 /* Build configuration list for PBXNativeTarget "CoreDataWithSwiftUI" */;
			buildPhases = (
				02A0CC3D27855FE0008BFBE2 /* Sources */,
				02A0CC3E27855FE0008BFBE2 /* Frameworks */,
				02A0CC3F27855FE0008BFBE2 /* Resources */,
			);
			buildRules = (
			);
			dependencies = (
			);
			name = CoreDataWithSwiftUI;
			productName = CoreDataWithSwiftUI;
			productReference = 02A0CC4127855FE0008BFBE2 /* CoreDataWithSwiftUI.app */;
			productType = "com.apple.product-type.application";
		};
		02A0CC5527855FE3008BFBE2 /* CoreDataWithSwiftUITests */ = {
			isa = PBXNativeTarget;
			buildConfigurationList = 02A0CC6D27855FE3008BFBE2 /* Build configuration list for PBXNativeTarget "CoreDataWithSwiftUITests" */;
			buildPhases = (
				02A0CC5227855FE3008BFBE2 /* Sources */,
				02A0CC5327855FE3008BFBE2 /* Frameworks */,
				02A0CC5427855FE3008BFBE2 /* Resources */,
			);
			buildRules = (
			);
			dependencies = (
				02A0CC5827855FE3008BFBE2 /* PBXTargetDependency */,
			);
			name = CoreDataWithSwiftUITests;
			productName = CoreDataWithSwiftUITests;
			productReference = 02A0CC5627855FE3008BFBE2 /* CoreDataWithSwiftUITests.xctest */;
			productType = "com.apple.product-type.bundle.unit-test";
		};
		02A0CC5F27855FE3008BFBE2 /* CoreDataWithSwiftUIUITests */ = {
			isa = PBXNativeTarget;
			buildConfigurationList = 02A0CC7027855FE3008BFBE2 /* Build configuration list for PBXNativeTarget "CoreDataWithSwiftUIUITests" */;
			buildPhases = (
				02A0CC5C27855FE3008BFBE2 /* Sources */,
				02A0CC5D27855FE3008BFBE2 /* Frameworks */,
				02A0CC5E27855FE3008BFBE2 /* Resources */,
			);
			buildRules = (
			);
			dependencies = (
				02A0CC6227855FE3008BFBE2 /* PBXTargetDependency */,
			);
			name = CoreDataWithSwiftUIUITests;
			productName = CoreDataWithSwiftUIUITests;
			productReference = 02A0CC6027855FE3008BFBE2 /* CoreDataWithSwiftUIUITests.xctest */;
			productType = "com.apple.product-type.bundle.ui-testing";
		};
/* End PBXNativeTarget section */

/* Begin PBXProject section */
		02A0CC3927855FE0008BFBE2 /* Project object */ = {
			isa = PBXProject;
			attributes = {
				BuildIndependentTargetsInParallel = 1;
				LastSwiftUpdateCheck = 1300;
				LastUpgradeCheck = 1300;
				TargetAttributes = {
					02A0CC4027855FE0008BFBE2 = {
						CreatedOnToolsVersion = 13.0;
					};
					02A0CC5527855FE3008BFBE2 = {
						CreatedOnToolsVersion = 13.0;
						TestTargetID = 02A0CC4027855FE0008BFBE2;
					};
					02A0CC5F27855FE3008BFBE2 = {
						CreatedOnToolsVersion = 13.0;
						TestTargetID = 02A0CC4027855FE0008BFBE2;
					};
				};
			};
			buildConfigurationList = 02A0CC3C27855FE0008BFBE2 /* Build configuration list for PBXProject "CoreDataWithSwiftUI" */;
			compatibilityVersion = "Xcode 13.0";
			developmentRegion = en;
			hasScannedForEncodings = 0;
			knownRegions = (
				en,
				Base,
			);
			mainGroup = 02A0CC3827855FE0008BFBE2;
			productRefGroup = 02A0CC4227855FE0008BFBE2 /* Products */;
			projectDirPath = "";
			projectRoot = "";
			targets = (
				02A0CC4027855FE0008BFBE2 /* CoreDataWithSwiftUI */,
				02A0CC5527855FE3008BFBE2 /* CoreDataWithSwiftUITests */,
				02A0CC5F27855FE3008BFBE2 /* CoreDataWithSwiftUIUITests */,
			);
		};
/* End PBXProject section */

/* Begin PBXResourcesBuildPhase section */
		02A0CC3F27855FE0008BFBE2 /* Resources */ = {
			isa = PBXResourcesBuildPhase;
			buildActionMask = 2147483647;
			files = (
				02A0CC4C27855FE3008BFBE2 /* Preview Assets.xcassets in Resources */,
				02A0CC4927855FE3008BFBE2 /* Assets.xcassets in Resources */,
			);
			runOnlyForDeploymentPostprocessing = 0;
		};
		02A0CC5427855FE3008BFBE2 /* Resources */ = {
			isa = PBXResourcesBuildPhase;
			buildActionMask = 2147483647;
			files = (
			);
			runOnlyForDeploymentPostprocessing = 0;
		};
		02A0CC5E27855FE3008BFBE2 /* Resources */ = {
			isa = PBXResourcesBuildPhase;
			buildActionMask = 2147483647;
			files = (
			);
			runOnlyForDeploymentPostprocessing = 0;
		};
/* End PBXResourcesBuildPhase section */

/* Begin PBXSourcesBuildPhase section */
		02A0CC3D27855FE0008BFBE2 /* Sources */ = {
			isa = PBXSourcesBuildPhase;
			buildActionMask = 2147483647;
			files = (
				02A0CC5127855FE3008BFBE2 /* CoreDataWithSwiftUI.xcdatamodeld in Sources */,
				02A0CC4E27855FE3008BFBE2 /* Persistence.swift in Sources */,
				02A0CC4727855FE0008BFBE2 /* ContentView.swift in Sources */,
				02A0CC4527855FE0008BFBE2 /* CoreDataWithSwiftUIApp.swift in Sources */,
			);
			runOnlyForDeploymentPostprocessing = 0;
		};
		02A0CC5227855FE3008BFBE2 /* Sources */ = {
			isa = PBXSourcesBuildPhase;
			buildActionMask = 2147483647;
			files = (
				02A0CC5B27855FE3008BFBE2 /* CoreDataWithSwiftUITests.swift in Sources */,
			);
			runOnlyForDeploymentPostprocessing = 0;
		};
		02A0CC5C27855FE3008BFBE2 /* Sources */ = {
			isa = PBXSourcesBuildPhase;
			buildActionMask = 2147483647;
			files = (
				02A0CC6527855FE3008BFBE2 /* CoreDataWithSwiftUIUITests.swift in Sources */,
				02A0CC6727855FE3008BFBE2 /* CoreDataWithSwiftUIUITestsLaunchTests.swift in Sources */,
			);
			runOnlyForDeploymentPostprocessing = 0;
		};
/* End PBXSourcesBuildPhase section */

/* Begin PBXTargetDependency section */
		02A0CC5827855FE3008BFBE2 /* PBXTargetDependency */ = {
			isa = PBXTargetDependency;
			target = 02A0CC4027855FE0008BFBE2 /* CoreDataWithSwiftUI */;
			targetProxy = 02A0CC5727855FE3008BFBE2 /* PBXContainerItemProxy */;
		};
		02A0CC6227855FE3008BFBE2 /* PBXTargetDependency */ = {
			isa = PBXTargetDependency;
			target = 02A0CC4027855FE0008BFBE2 /* CoreDataWithSwiftUI */;
			targetProxy = 02A0CC6127855FE3008BFBE2 /* PBXContainerItemProxy */;
		};
/* End PBXTargetDependency section */

/* Begin XCBuildConfiguration section */
		02A0CC6827855FE3008BFBE2 /* Debug */ = {
			isa = XCBuildConfiguration;
			buildSettings = {
				ALWAYS_SEARCH_USER_PATHS = NO;
				CLANG_ANALYZER_NONNULL = YES;
				CLANG_ANALYZER_NUMBER_OBJECT_CONVERSION = YES_AGGRESSIVE;
				CLANG_CXX_LANGUAGE_STANDARD = "gnu++17";
				CLANG_CXX_LIBRARY = "libc++";
				CLANG_ENABLE_MODULES = YES;
				CLANG_ENABLE_OBJC_ARC = YES;
				CLANG_ENABLE_OBJC_WEAK = YES;
				CLANG_WARN_BLOCK_CAPTURE_AUTORELEASING = YES;
				CLANG_WARN_BOOL_CONVERSION = YES;
				CLANG_WARN_COMMA = YES;
				CLANG_WARN_CONSTANT_CONVERSION = YES;
				CLANG_WARN_DEPRECATED_OBJC_IMPLEMENTATIONS = YES;
				CLANG_WARN_DIRECT_OBJC_ISA_USAGE = YES_ERROR;
				CLANG_WARN_DOCUMENTATION_COMMENTS = YES;
				CLANG_WARN_EMPTY_BODY = YES;
				CLANG_WARN_ENUM_CONVERSION = YES;
				CLANG_WARN_INFINITE_RECURSION = YES;
				CLANG_WARN_INT_CONVERSION = YES;
				CLANG_WARN_NON_LITERAL_NULL_CONVERSION = YES;
				CLANG_WARN_OBJC_IMPLICIT_RETAIN_SELF = YES;
				CLANG_WARN_OBJC_LITERAL_CONVERSION = YES;
				CLANG_WARN_OBJC_ROOT_CLASS = YES_ERROR;
				CLANG_WARN_QUOTED_INCLUDE_IN_FRAMEWORK_HEADER = YES;
				CLANG_WARN_RANGE_LOOP_ANALYSIS = YES;
				CLANG_WARN_STRICT_PROTOTYPES = YES;
				CLANG_WARN_SUSPICIOUS_MOVE = YES;
				CLANG_WARN_UNGUARDED_AVAILABILITY = YES_AGGRESSIVE;
				CLANG_WARN_UNREACHABLE_CODE = YES;
				CLANG_WARN__DUPLICATE_METHOD_MATCH = YES;
				COPY_PHASE_STRIP = NO;
				DEBUG_INFORMATION_FORMAT = dwarf;
				ENABLE_STRICT_OBJC_MSGSEND = YES;
				ENABLE_TESTABILITY = YES;
				GCC_C_LANGUAGE_STANDARD = gnu11;
				GCC_DYNAMIC_NO_PIC = NO;
				GCC_NO_COMMON_BLOCKS = YES;
				GCC_OPTIMIZATION_LEVEL = 0;
				GCC_PREPROCESSOR_DEFINITIONS = (
					"DEBUG=1",
					"$(inherited)",
				);
				GCC_WARN_64_TO_32_BIT_CONVERSION = YES;
				GCC_WARN_ABOUT_RETURN_TYPE = YES_ERROR;
				GCC_WARN_UNDECLARED_SELECTOR = YES;
				GCC_WARN_UNINITIALIZED_AUTOS = YES_AGGRESSIVE;
				GCC_WARN_UNUSED_FUNCTION = YES;
				GCC_WARN_UNUSED_VARIABLE = YES;
				IPHONEOS_DEPLOYMENT_TARGET = 15.0;
				MTL_ENABLE_DEBUG_INFO = INCLUDE_SOURCE;
				MTL_FAST_MATH = YES;
				ONLY_ACTIVE_ARCH = YES;
				SDKROOT = iphoneos;
				SWIFT_ACTIVE_COMPILATION_CONDITIONS = DEBUG;
				SWIFT_OPTIMIZATION_LEVEL = "-Onone";
			};
			name = Debug;
		};
		02A0CC6927855FE3008BFBE2 /* Release */ = {
			isa = XCBuildConfiguration;
			buildSettings = {
				ALWAYS_SEARCH_USER_PATHS = NO;
				CLANG_ANALYZER_NONNULL = YES;
				CLANG_ANALYZER_NUMBER_OBJECT_CONVERSION = YES_AGGRESSIVE;
				CLANG_CXX_LANGUAGE_STANDARD = "gnu++17";
				CLANG_CXX_LIBRARY = "libc++";
				CLANG_ENABLE_MODULES = YES;
				CLANG_ENABLE_OBJC_ARC = YES;
				CLANG_ENABLE_OBJC_WEAK = YES;
				CLANG_WARN_BLOCK_CAPTURE_AUTORELEASING = YES;
				CLANG_WARN_BOOL_CONVERSION = YES;
				CLANG_WARN_COMMA = YES;
				CLANG_WARN_CONSTANT_CONVERSION = YES;
				CLANG_WARN_DEPRECATED_OBJC_IMPLEMENTATIONS = YES;
				CLANG_WARN_DIRECT_OBJC_ISA_USAGE = YES_ERROR;
				CLANG_WARN_DOCUMENTATION_COMMENTS = YES;
				CLANG_WARN_EMPTY_BODY = YES;
				CLANG_WARN_ENUM_CONVERSION = YES;
				CLANG_WARN_INFINITE_RECURSION = YES;
				CLANG_WARN_INT_CONVERSION = YES;
				CLANG_WARN_NON_LITERAL_NULL_CONVERSION = YES;
				CLANG_WARN_OBJC_IMPLICIT_RETAIN_SELF = YES;
				CLANG_WARN_OBJC_LITERAL_CONVERSION = YES;
				CLANG_WARN_OBJC_ROOT_CLASS = YES_ERROR;
				CLANG_WARN_QUOTED_INCLUDE_IN_FRAMEWORK_HEADER = YES;
				CLANG_WARN_RANGE_LOOP_ANALYSIS = YES;
				CLANG_WARN_STRICT_PROTOTYPES = YES;
				CLANG_WARN_SUSPICIOUS_MOVE = YES;
				CLANG_WARN_UNGUARDED_AVAILABILITY = YES_AGGRESSIVE;
				CLANG_WARN_UNREACHABLE_CODE = YES;
				CLANG_WARN__DUPLICATE_METHOD_MATCH = YES;
				COPY_PHASE_STRIP = NO;
				DEBUG_INFORMATION_FORMAT = "dwarf-with-dsym";
				ENABLE_NS_ASSERTIONS = NO;
				ENABLE_STRICT_OBJC_MSGSEND = YES;
				GCC_C_LANGUAGE_STANDARD = gnu11;
				GCC_NO_COMMON_BLOCKS = YES;
				GCC_WARN_64_TO_32_BIT_CONVERSION = YES;
				GCC_WARN_ABOUT_RETURN_TYPE = YES_ERROR;
				GCC_WARN_UNDECLARED_SELECTOR = YES;
				GCC_WARN_UNINITIALIZED_AUTOS = YES_AGGRESSIVE;
				GCC_WARN_UNUSED_FUNCTION = YES;
				GCC_WARN_UNUSED_VARIABLE = YES;
				IPHONEOS_DEPLOYMENT_TARGET = 15.0;
				MTL_ENABLE_DEBUG_INFO = NO;
				MTL_FAST_MATH = YES;
				SDKROOT = iphoneos;
				SWIFT_COMPILATION_MODE = wholemodule;
				SWIFT_OPTIMIZATION_LEVEL = "-O";
				VALIDATE_PRODUCT = YES;
			};
			name = Release;
		};
		02A0CC6B27855FE3008BFBE2 /* Debug */ = {
			isa = XCBuildConfiguration;
			buildSettings = {
				ASSETCATALOG_COMPILER_APPICON_NAME = AppIcon;
				ASSETCATALOG_COMPILER_GLOBAL_ACCENT_COLOR_NAME = AccentColor;
				CODE_SIGN_STYLE = Automatic;
				CURRENT_PROJECT_VERSION = 1;
				DEVELOPMENT_ASSET_PATHS = "\"CoreDataWithSwiftUI/Preview Content\"";
				DEVELOPMENT_TEAM = 96876GLFNC;
				ENABLE_PREVIEWS = YES;
				GENERATE_INFOPLIST_FILE = YES;
				INFOPLIST_KEY_UIApplicationSceneManifest_Generation = YES;
				INFOPLIST_KEY_UIApplicationSupportsIndirectInputEvents = YES;
				INFOPLIST_KEY_UILaunchScreen_Generation = YES;
				INFOPLIST_KEY_UISupportedInterfaceOrientations_iPad = "UIInterfaceOrientationPortrait UIInterfaceOrientationPortraitUpsideDown UIInterfaceOrientationLandscapeLeft UIInterfaceOrientationLandscapeRight";
				INFOPLIST_KEY_UISupportedInterfaceOrientations_iPhone = "UIInterfaceOrientationPortrait UIInterfaceOrientationLandscapeLeft UIInterfaceOrientationLandscapeRight";
				IPHONEOS_DEPLOYMENT_TARGET = 14.0;
				LD_RUNPATH_SEARCH_PATHS = (
					"$(inherited)",
					"@executable_path/Frameworks",
				);
				MARKETING_VERSION = 1.0;
				PRODUCT_BUNDLE_IDENTIFIER = com.kuruma42.CoreDataWithSwiftUI;
				PRODUCT_NAME = "$(TARGET_NAME)";
				SWIFT_EMIT_LOC_STRINGS = YES;
				SWIFT_VERSION = 5.0;
				TARGETED_DEVICE_FAMILY = "1,2";
			};
			name = Debug;
		};
		02A0CC6C27855FE3008BFBE2 /* Release */ = {
			isa = XCBuildConfiguration;
			buildSettings = {
				ASSETCATALOG_COMPILER_APPICON_NAME = AppIcon;
				ASSETCATALOG_COMPILER_GLOBAL_ACCENT_COLOR_NAME = AccentColor;
				CODE_SIGN_STYLE = Automatic;
				CURRENT_PROJECT_VERSION = 1;
				DEVELOPMENT_ASSET_PATHS = "\"CoreDataWithSwiftUI/Preview Content\"";
				DEVELOPMENT_TEAM = 96876GLFNC;
				ENABLE_PREVIEWS = YES;
				GENERATE_INFOPLIST_FILE = YES;
				INFOPLIST_KEY_UIApplicationSceneManifest_Generation = YES;
				INFOPLIST_KEY_UIApplicationSupportsIndirectInputEvents = YES;
				INFOPLIST_KEY_UILaunchScreen_Generation = YES;
				INFOPLIST_KEY_UISupportedInterfaceOrientations_iPad = "UIInterfaceOrientationPortrait UIInterfaceOrientationPortraitUpsideDown UIInterfaceOrientationLandscapeLeft UIInterfaceOrientationLandscapeRight";
				INFOPLIST_KEY_UISupportedInterfaceOrientations_iPhone = "UIInterfaceOrientationPortrait UIInterfaceOrientationLandscapeLeft UIInterfaceOrientationLandscapeRight";
				IPHONEOS_DEPLOYMENT_TARGET = 14.0;
				LD_RUNPATH_SEARCH_PATHS = (
					"$(inherited)",
					"@executable_path/Frameworks",
				);
				MARKETING_VERSION = 1.0;
				PRODUCT_BUNDLE_IDENTIFIER = com.kuruma42.CoreDataWithSwiftUI;
				PRODUCT_NAME = "$(TARGET_NAME)";
				SWIFT_EMIT_LOC_STRINGS = YES;
				SWIFT_VERSION = 5.0;
				TARGETED_DEVICE_FAMILY = "1,2";
			};
			name = Release;
		};
		02A0CC6E27855FE3008BFBE2 /* Debug */ = {
			isa = XCBuildConfiguration;
			buildSettings = {
				ALWAYS_EMBED_SWIFT_STANDARD_LIBRARIES = YES;
				BUNDLE_LOADER = "$(TEST_HOST)";
				CODE_SIGN_STYLE = Automatic;
				CURRENT_PROJECT_VERSION = 1;
				DEVELOPMENT_TEAM = 96876GLFNC;
				GENERATE_INFOPLIST_FILE = YES;
				IPHONEOS_DEPLOYMENT_TARGET = 14.0;
				LD_RUNPATH_SEARCH_PATHS = (
					"$(inherited)",
					"@executable_path/Frameworks",
					"@loader_path/Frameworks",
				);
				MARKETING_VERSION = 1.0;
				PRODUCT_BUNDLE_IDENTIFIER = com.kuruma42.CoreDataWithSwiftUITests;
				PRODUCT_NAME = "$(TARGET_NAME)";
				SWIFT_EMIT_LOC_STRINGS = NO;
				SWIFT_VERSION = 5.0;
				TARGETED_DEVICE_FAMILY = "1,2";
				TEST_HOST = "$(BUILT_PRODUCTS_DIR)/CoreDataWithSwiftUI.app/CoreDataWithSwiftUI";
			};
			name = Debug;
		};
		02A0CC6F27855FE3008BFBE2 /* Release */ = {
			isa = XCBuildConfiguration;
			buildSettings = {
				ALWAYS_EMBED_SWIFT_STANDARD_LIBRARIES = YES;
				BUNDLE_LOADER = "$(TEST_HOST)";
				CODE_SIGN_STYLE = Automatic;
				CURRENT_PROJECT_VERSION = 1;
				DEVELOPMENT_TEAM = 96876GLFNC;
				GENERATE_INFOPLIST_FILE = YES;
				IPHONEOS_DEPLOYMENT_TARGET = 14.0;
				LD_RUNPATH_SEARCH_PATHS = (
					"$(inherited)",
					"@executable_path/Frameworks",
					"@loader_path/Frameworks",
				);
				MARKETING_VERSION = 1.0;
				PRODUCT_BUNDLE_IDENTIFIER = com.kuruma42.CoreDataWithSwiftUITests;
				PRODUCT_NAME = "$(TARGET_NAME)";
				SWIFT_EMIT_LOC_STRINGS = NO;
				SWIFT_VERSION = 5.0;
				TARGETED_DEVICE_FAMILY = "1,2";
				TEST_HOST = "$(BUILT_PRODUCTS_DIR)/CoreDataWithSwiftUI.app/CoreDataWithSwiftUI";
			};
			name = Release;
		};
		02A0CC7127855FE3008BFBE2 /* Debug */ = {
			isa = XCBuildConfiguration;
			buildSettings = {
				ALWAYS_EMBED_SWIFT_STANDARD_LIBRARIES = YES;
				CODE_SIGN_STYLE = Automatic;
				CURRENT_PROJECT_VERSION = 1;
				DEVELOPMENT_TEAM = 96876GLFNC;
				GENERATE_INFOPLIST_FILE = YES;
				LD_RUNPATH_SEARCH_PATHS = (
					"$(inherited)",
					"@executable_path/Frameworks",
					"@loader_path/Frameworks",
				);
				MARKETING_VERSION = 1.0;
				PRODUCT_BUNDLE_IDENTIFIER = com.kuruma42.CoreDataWithSwiftUIUITests;
				PRODUCT_NAME = "$(TARGET_NAME)";
				SWIFT_EMIT_LOC_STRINGS = NO;
				SWIFT_VERSION = 5.0;
				TARGETED_DEVICE_FAMILY = "1,2";
				TEST_TARGET_NAME = CoreDataWithSwiftUI;
			};
			name = Debug;
		};
		02A0CC7227855FE3008BFBE2 /* Release */ = {
			isa = XCBuildConfiguration;
			buildSettings = {
				ALWAYS_EMBED_SWIFT_STANDARD_LIBRARIES = YES;
				CODE_SIGN_STYLE = Automatic;
				CURRENT_PROJECT_VERSION = 1;
				DEVELOPMENT_TEAM = 96876GLFNC;
				GENERATE_INFOPLIST_FILE = YES;
				LD_RUNPATH_SEARCH_PATHS = (
					"$(inherited)",
					"@executable_path/Frameworks",
					"@loader_path/Frameworks",
				);
				MARKETING_VERSION = 1.0;
				PRODUCT_BUNDLE_IDENTIFIER = com.kuruma42.CoreDataWithSwiftUIUITests;
				PRODUCT_NAME = "$(TARGET_NAME)";
				SWIFT_EMIT_LOC_STRINGS = NO;
				SWIFT_VERSION = 5.0;
				TARGETED_DEVICE_FAMILY = "1,2";
				TEST_TARGET_NAME = CoreDataWithSwiftUI;
			};
			name = Release;
		};
/* End XCBuildConfiguration section */

/* Begin XCConfigurationList section */
		02A0CC3C27855FE0008BFBE2 /* Build configuration list for PBXProject "CoreDataWithSwiftUI" */ = {
			isa = XCConfigurationList;
			buildConfigurations = (
				02A0CC6827855FE3008BFBE2 /* Debug */,
				02A0CC6927855FE3008BFBE2 /* Release */,
			);
			defaultConfigurationIsVisible = 0;
			defaultConfigurationName = Release;
		};
		02A0CC6A27855FE3008BFBE2 /* Build configuration list for PBXNativeTarget "CoreDataWithSwiftUI" */ = {
			isa = XCConfigurationList;
			buildConfigurations = (
				02A0CC6B27855FE3008BFBE2 /* Debug */,
				02A0CC6C27855FE3008BFBE2 /* Release */,
			);
			defaultConfigurationIsVisible = 0;
			defaultConfigurationName = Release;
		};
		02A0CC6D27855FE3008BFBE2 /* Build configuration list for PBXNativeTarget "CoreDataWithSwiftUITests" */ = {
			isa = XCConfigurationList;
			buildConfigurations = (
				02A0CC6E27855FE3008BFBE2 /* Debug */,
				02A0CC6F27855FE3008BFBE2 /* Release */,
			);
			defaultConfigurationIsVisible = 0;
			defaultConfigurationName = Release;
		};
		02A0CC7027855FE3008BFBE2 /* Build configuration list for PBXNativeTarget "CoreDataWithSwiftUIUITests" */ = {
			isa = XCConfigurationList;
			buildConfigurations = (
				02A0CC7127855FE3008BFBE2 /* Debug */,
				02A0CC7227855FE3008BFBE2 /* Release */,
			);
			defaultConfigurationIsVisible = 0;
			defaultConfigurationName = Release;
		};
/* End XCConfigurationList section */

/* Begin XCVersionGroup section */
		02A0CC4F27855FE3008BFBE2 /* CoreDataWithSwiftUI.xcdatamodeld */ = {
			isa = XCVersionGroup;
			children = (
				02A0CC5027855FE3008BFBE2 /* CoreDataWithSwiftUI.xcdatamodel */,
			);
			currentVersion = 02A0CC5027855FE3008BFBE2 /* CoreDataWithSwiftUI.xcdatamodel */;
			path = CoreDataWithSwiftUI.xcdatamodeld;
			sourceTree = "<group>";
			versionGroupType = wrapper.xcdatamodel;
		};
/* End XCVersionGroup section */
	};
	rootObject = 02A0CC3927855FE0008BFBE2 /* Project object */;
}
